<?xml version="1.0" encoding="utf-8"?>
<Project ToolsVersion="4.0" xmlns="http://schemas.microsoft.com/developer/msbuild/2003">
  <ItemGroup>
    <FxCompile Include="Resources\Shaders\AdditivePixelShader.hlsl" />
    <FxCompile Include="Resources\Shaders\BasicPixelShader.hlsl" />
    <FxCompile Include="Resources\Shaders\BasicVertexShader.hlsl" />
    <FxCompile Include="Resources\Shaders\CirclePixelShader.hlsl" />
    <FxCompile Include="Resources\Shaders\GaussianBlurPixelShader.hlsl" />
    <FxCompile Include="Resources\Shaders\InstancingPixelShader.hlsl" />
    <FxCompile Include="Resources\Shaders\InstancingVertexShader.hlsl" />
    <FxCompile Include="Resources\Shaders\LuminanceExtractPixelShader.hlsl" />
    <FxCompile Include="Resources\Shaders\MeshPixelShader.hlsl" />
    <FxCompile Include="Resources\Shaders\MeshVertexShader.hlsl" />
    <FxCompile Include="Resources\Shaders\ParticleGeometryShader.hlsl" />
    <FxCompile Include="Resources\Shaders\ParticlePixelShader.hlsl" />
    <FxCompile Include="Resources\Shaders\ParticleVertexShader.hlsl" />
    <FxCompile Include="Resources\Shaders\PostEffectPixelShader.hlsl" />
  </ItemGroup>
  <ItemGroup>
    <ClCompile Include="main.cpp" />
    <ClCompile Include="Source\Component\Player\PlayerMovement.cpp" />
    <ClCompile Include="Source\Component\Enemy\TestEnemy.cpp" />
    <ClCompile Include="Source\Effect\TestFlameEffect.cpp" />
    <ClCompile Include="Source\Game.cpp" />
    <ClCompile Include="Source\Scene\HogeScene.cpp" />
    <ClCompile Include="Source\Effect\TestEffect.cpp" />
    <ClCompile Include="Source\Effect\TestVibrationEffect.cpp" />
    <ClCompile Include="Source\Component\Player\PlayerAttack.cpp" />
    <ClCompile Include="Source\Component\Player\PlayerStats.cpp" />
    <ClCompile Include="Source\Component\TestUI\TestUI.cpp" />
    <ClCompile Include="Source\Device\ControllerInput.cpp" />
    <ClCompile Include="Source\Component\Floor\Floor.cpp" />
    <ClCompile Include="Source\Component\Map\Map.cpp" />
    <ClCompile Include="Source\Device\GameInput.cpp" />
    <ClCompile Include="Source\Component\Player\PlayerParamManager.cpp" />
    <ClCompile Include="Source\Component\Follow\Follow.cpp" />
    <ClCompile Include="Source\Effect\TestPlayerAttackedEffect.cpp" />
    <ClCompile Include="Source\Utility\CoordConverter.cpp" />
    <ClCompile Include="Source\Component\DistanceActivater\DistanceActivater.cpp" />
    <ClCompile Include="Source\Utility\CylinderUtility.cpp" />
    <ClCompile Include="Source\Stage\StageInfo.cpp" />
    <ClCompile Include="Source\Stage\StageLoader.cpp" />
    <ClCompile Include="Source\Component\Player\PlayerSideAttack.cpp" />
    <ClCompile Include="Source\Option\Option.cpp" />
    <ClCompile Include="Source\Component\Enemy\PhalanxEnemy.cpp" />
    <ClCompile Include="Source\Component\Map\GoalObject.cpp" />
    <ClCompile Include="Source\Obstacle\SlidingThrough.cpp" />
  </ItemGroup>
  <ItemGroup>
    <ClInclude Include="Source\Component\Player\PlayerMovement.h" />
    <ClInclude Include="Source\Component\Enemy\TestEnemy.h" />
    <ClInclude Include="Source\Effect\TestFlameEffect.h" />
    <ClInclude Include="Source\Game.h" />
    <ClInclude Include="Source\Scene\HogeScene.h" />
    <ClInclude Include="Source\Effect\TestEffect.h" />
    <ClInclude Include="Source\Effect\TestVibrationEffect.h" />
    <ClInclude Include="Source\Component\Player\PlayerAttack.h" />
    <ClInclude Include="Source\Utility\JsonFileManager.h" />
    <ClInclude Include="Source\Utility\SingletonTemplate.h" />
    <ClInclude Include="Source\Component\Player\PlayerStats.h" />
    <ClInclude Include="Source\Component\TestUI\TestUI.h" />
    <ClInclude Include="Source\Device\ControllerInput.h" />
    <ClInclude Include="Source\Component\Floor\Floor.h" />
    <ClInclude Include="Source\Component\Map\Map.h" />
    <ClInclude Include="Source\Device\GameInput.h" />
    <ClInclude Include="Source\Component\Player\PlayerParamManager.h" />
    <ClInclude Include="Source\Component\Follow\Follow.h" />
    <ClInclude Include="Source\Effect\TestPlayerAttackedEffect.h" />
    <ClInclude Include="Source\Utility\CoordConverter.h" />
    <ClInclude Include="Source\Component\DistanceActivater\DistanceActivater.h" />
    <ClInclude Include="Source\Utility\CylinderUtility.h" />
    <ClInclude Include="Source\Stage\StageInfo.h" />
    <ClInclude Include="Source\Stage\StageLoader.h" />
    <ClInclude Include="Source\Component\Player\PlayerSideAttack.h" />
    <ClInclude Include="Source\Option\Option.h" />
    <ClInclude Include="Source\Component\Enemy\PhalanxEnemy.h" />
    <ClInclude Include="Source\Component\Map\GoalObject.h" />
    <ClInclude Include="Source\Obstacle\SlidingThrough.h" />
  </ItemGroup>
</Project>